
Microsoft Visual Studio Solution File, Format Version 12.00
# Visual Studio 15
VisualStudioVersion = 15.0.27703.2026
MinimumVisualStudioVersion = 10.0.40219.1
Project("{FAE04EC0-301F-11D3-BF4B-00C04F79EFBC}") = "ChatClient", "ChatClient\ChatClient\ChatClient.csproj", "{96F69D4E-6F5E-4DE6-9A69-847734FF7D9E}"
EndProject
Project("{FAE04EC0-301F-11D3-BF4B-00C04F79EFBC}") = "ChatClient.Android", "ChatClient\ChatClient.Android\ChatClient.Android.csproj", "{2F53CDE5-FAE1-44F0-8E17-30084276FE2D}"
EndProject
Project("{FAE04EC0-301F-11D3-BF4B-00C04F79EFBC}") = "ChatClient.iOS", "ChatClient\ChatClient.iOS\ChatClient.iOS.csproj", "{FD8704EC-8A27-48D9-8B07-C7B8B818F84F}"
EndProject
Project("{FAE04EC0-301F-11D3-BF4B-00C04F79EFBC}") = "ChatClient.UWP", "ChatClient\ChatClient.UWP\ChatClient.UWP.csproj", "{857B13AD-530D-4FBE-B4DE-99BEB008ADBE}"
EndProject
Global
	GlobalSection(SolutionConfigurationPlatforms) = preSolution
		Ad-Hoc|Any CPU = Ad-Hoc|Any CPU
		Ad-Hoc|ARM = Ad-Hoc|ARM
		Ad-Hoc|iPhone = Ad-Hoc|iPhone
		Ad-Hoc|iPhoneSimulator = Ad-Hoc|iPhoneSimulator
		Ad-Hoc|x64 = Ad-Hoc|x64
		Ad-Hoc|x86 = Ad-Hoc|x86
		AppStore|Any CPU = AppStore|Any CPU
		AppStore|ARM = AppStore|ARM
		AppStore|iPhone = AppStore|iPhone
		AppStore|iPhoneSimulator = AppStore|iPhoneSimulator
		AppStore|x64 = AppStore|x64
		AppStore|x86 = AppStore|x86
		Debug|Any CPU = Debug|Any CPU
		Debug|ARM = Debug|ARM
		Debug|iPhone = Debug|iPhone
		Debug|iPhoneSimulator = Debug|iPhoneSimulator
		Debug|x64 = Debug|x64
		Debug|x86 = Debug|x86
		Release|Any CPU = Release|Any CPU
		Release|ARM = Release|ARM
		Release|iPhone = Release|iPhone
		Release|iPhoneSimulator = Release|iPhoneSimulator
		Release|x64 = Release|x64
		Release|x86 = Release|x86
	EndGlobalSection
	GlobalSection(ProjectConfigurationPlatforms) = postSolution
		{96F69D4E-6F5E-4DE6-9A69-847734FF7D9E}.Ad-Hoc|Any CPU.ActiveCfg = Debug|Any CPU
		{96F69D4E-6F5E-4DE6-9A69-847734FF7D9E}.Ad-Hoc|Any CPU.Build.0 = Debug|Any CPU
		{96F69D4E-6F5E-4DE6-9A69-847734FF7D9E}.Ad-Hoc|ARM.ActiveCfg = Debug|Any CPU
		{96F69D4E-6F5E-4DE6-9A69-847734FF7D9E}.Ad-Hoc|ARM.Build.0 = Debug|Any CPU
		{96F69D4E-6F5E-4DE6-9A69-847734FF7D9E}.Ad-Hoc|iPhone.ActiveCfg = Debug|Any CPU
		{96F69D4E-6F5E-4DE6-9A69-847734FF7D9E}.Ad-Hoc|iPhone.Build.0 = Debug|Any CPU
		{96F69D4E-6F5E-4DE6-9A69-847734FF7D9E}.Ad-Hoc|iPhoneSimulator.ActiveCfg = Debug|Any CPU
		{96F69D4E-6F5E-4DE6-9A69-847734FF7D9E}.Ad-Hoc|iPhoneSimulator.Build.0 = Debug|Any CPU
		{96F69D4E-6F5E-4DE6-9A69-847734FF7D9E}.Ad-Hoc|x64.ActiveCfg = Debug|Any CPU
		{96F69D4E-6F5E-4DE6-9A69-847734FF7D9E}.Ad-Hoc|x64.Build.0 = Debug|Any CPU
		{96F69D4E-6F5E-4DE6-9A69-847734FF7D9E}.Ad-Hoc|x86.ActiveCfg = Debug|Any CPU
		{96F69D4E-6F5E-4DE6-9A69-847734FF7D9E}.Ad-Hoc|x86.Build.0 = Debug|Any CPU
		{96F69D4E-6F5E-4DE6-9A69-847734FF7D9E}.AppStore|Any CPU.ActiveCfg = Debug|Any CPU
		{96F69D4E-6F5E-4DE6-9A69-847734FF7D9E}.AppStore|Any CPU.Build.0 = Debug|Any CPU
		{96F69D4E-6F5E-4DE6-9A69-847734FF7D9E}.AppStore|ARM.ActiveCfg = Debug|Any CPU
		{96F69D4E-6F5E-4DE6-9A69-847734FF7D9E}.AppStore|ARM.Build.0 = Debug|Any CPU
		{96F69D4E-6F5E-4DE6-9A69-847734FF7D9E}.AppStore|iPhone.ActiveCfg = Debug|Any CPU
		{96F69D4E-6F5E-4DE6-9A69-847734FF7D9E}.AppStore|iPhone.Build.0 = Debug|Any CPU
		{96F69D4E-6F5E-4DE6-9A69-847734FF7D9E}.AppStore|iPhoneSimulator.ActiveCfg = Debug|Any CPU
		{96F69D4E-6F5E-4DE6-9A69-847734FF7D9E}.AppStore|iPhoneSimulator.Build.0 = Debug|Any CPU
		{96F69D4E-6F5E-4DE6-9A69-847734FF7D9E}.AppStore|x64.ActiveCfg = Debug|Any CPU
		{96F69D4E-6F5E-4DE6-9A69-847734FF7D9E}.AppStore|x64.Build.0 = Debug|Any CPU
		{96F69D4E-6F5E-4DE6-9A69-847734FF7D9E}.AppStore|x86.ActiveCfg = Debug|Any CPU
		{96F69D4E-6F5E-4DE6-9A69-847734FF7D9E}.AppStore|x86.Build.0 = Debug|Any CPU
		{96F69D4E-6F5E-4DE6-9A69-847734FF7D9E}.Debug|Any CPU.ActiveCfg = Debug|Any CPU
		{96F69D4E-6F5E-4DE6-9A69-847734FF7D9E}.Debug|Any CPU.Build.0 = Debug|Any CPU
		{96F69D4E-6F5E-4DE6-9A69-847734FF7D9E}.Debug|ARM.ActiveCfg = Debug|Any CPU
		{96F69D4E-6F5E-4DE6-9A69-847734FF7D9E}.Debug|ARM.Build.0 = Debug|Any CPU
		{96F69D4E-6F5E-4DE6-9A69-847734FF7D9E}.Debug|iPhone.ActiveCfg = Debug|Any CPU
		{96F69D4E-6F5E-4DE6-9A69-847734FF7D9E}.Debug|iPhone.Build.0 = Debug|Any CPU
		{96F69D4E-6F5E-4DE6-9A69-847734FF7D9E}.Debug|iPhoneSimulator.ActiveCfg = Debug|Any CPU
		{96F69D4E-6F5E-4DE6-9A69-847734FF7D9E}.Debug|iPhoneSimulator.Build.0 = Debug|Any CPU
		{96F69D4E-6F5E-4DE6-9A69-847734FF7D9E}.Debug|x64.ActiveCfg = Debug|Any CPU
		{96F69D4E-6F5E-4DE6-9A69-847734FF7D9E}.Debug|x64.Build.0 = Debug|Any CPU
		{96F69D4E-6F5E-4DE6-9A69-847734FF7D9E}.Debug|x86.ActiveCfg = Debug|Any CPU
		{96F69D4E-6F5E-4DE6-9A69-847734FF7D9E}.Debug|x86.Build.0 = Debug|Any CPU
		{96F69D4E-6F5E-4DE6-9A69-847734FF7D9E}.Release|Any CPU.ActiveCfg = Release|Any CPU
		{96F69D4E-6F5E-4DE6-9A69-847734FF7D9E}.Release|Any CPU.Build.0 = Release|Any CPU
		{96F69D4E-6F5E-4DE6-9A69-847734FF7D9E}.Release|ARM.ActiveCfg = Release|Any CPU
		{96F69D4E-6F5E-4DE6-9A69-847734FF7D9E}.Release|ARM.Build.0 = Release|Any CPU
		{96F69D4E-6F5E-4DE6-9A69-847734FF7D9E}.Release|iPhone.ActiveCfg = Release|Any CPU
		{96F69D4E-6F5E-4DE6-9A69-847734FF7D9E}.Release|iPhone.Build.0 = Release|Any CPU
		{96F69D4E-6F5E-4DE6-9A69-847734FF7D9E}.Release|iPhoneSimulator.ActiveCfg = Release|Any CPU
		{96F69D4E-6F5E-4DE6-9A69-847734FF7D9E}.Release|iPhoneSimulator.Build.0 = Release|Any CPU
		{96F69D4E-6F5E-4DE6-9A69-847734FF7D9E}.Release|x64.ActiveCfg = Release|Any CPU
		{96F69D4E-6F5E-4DE6-9A69-847734FF7D9E}.Release|x64.Build.0 = Release|Any CPU
		{96F69D4E-6F5E-4DE6-9A69-847734FF7D9E}.Release|x86.ActiveCfg = Release|Any CPU
		{96F69D4E-6F5E-4DE6-9A69-847734FF7D9E}.Release|x86.Build.0 = Release|Any CPU
		{2F53CDE5-FAE1-44F0-8E17-30084276FE2D}.Ad-Hoc|Any CPU.ActiveCfg = Release|Any CPU
		{2F53CDE5-FAE1-44F0-8E17-30084276FE2D}.Ad-Hoc|Any CPU.Build.0 = Release|Any CPU
		{2F53CDE5-FAE1-44F0-8E17-30084276FE2D}.Ad-Hoc|Any CPU.Deploy.0 = Release|Any CPU
		{2F53CDE5-FAE1-44F0-8E17-30084276FE2D}.Ad-Hoc|ARM.ActiveCfg = Release|Any CPU
		{2F53CDE5-FAE1-44F0-8E17-30084276FE2D}.Ad-Hoc|ARM.Build.0 = Release|Any CPU
		{2F53CDE5-FAE1-44F0-8E17-30084276FE2D}.Ad-Hoc|ARM.Deploy.0 = Release|Any CPU
		{2F53CDE5-FAE1-44F0-8E17-30084276FE2D}.Ad-Hoc|iPhone.ActiveCfg = Release|Any CPU
		{2F53CDE5-FAE1-44F0-8E17-30084276FE2D}.Ad-Hoc|iPhone.Build.0 = Release|Any CPU
		{2F53CDE5-FAE1-44F0-8E17-30084276FE2D}.Ad-Hoc|iPhone.Deploy.0 = Release|Any CPU
		{2F53CDE5-FAE1-44F0-8E17-30084276FE2D}.Ad-Hoc|iPhoneSimulator.ActiveCfg = Release|Any CPU
		{2F53CDE5-FAE1-44F0-8E17-30084276FE2D}.Ad-Hoc|iPhoneSimulator.Build.0 = Release|Any CPU
		{2F53CDE5-FAE1-44F0-8E17-30084276FE2D}.Ad-Hoc|iPhoneSimulator.Deploy.0 = Release|Any CPU
		{2F53CDE5-FAE1-44F0-8E17-30084276FE2D}.Ad-Hoc|x64.ActiveCfg = Release|Any CPU
		{2F53CDE5-FAE1-44F0-8E17-30084276FE2D}.Ad-Hoc|x64.Build.0 = Release|Any CPU
		{2F53CDE5-FAE1-44F0-8E17-30084276FE2D}.Ad-Hoc|x64.Deploy.0 = Release|Any CPU
		{2F53CDE5-FAE1-44F0-8E17-30084276FE2D}.Ad-Hoc|x86.ActiveCfg = Release|Any CPU
		{2F53CDE5-FAE1-44F0-8E17-30084276FE2D}.Ad-Hoc|x86.Build.0 = Release|Any CPU
		{2F53CDE5-FAE1-44F0-8E17-30084276FE2D}.Ad-Hoc|x86.Deploy.0 = Release|Any CPU
		{2F53CDE5-FAE1-44F0-8E17-30084276FE2D}.AppStore|Any CPU.ActiveCfg = Release|Any CPU
		{2F53CDE5-FAE1-44F0-8E17-30084276FE2D}.AppStore|Any CPU.Build.0 = Release|Any CPU
		{2F53CDE5-FAE1-44F0-8E17-30084276FE2D}.AppStore|Any CPU.Deploy.0 = Release|Any CPU
		{2F53CDE5-FAE1-44F0-8E17-30084276FE2D}.AppStore|ARM.ActiveCfg = Release|Any CPU
		{2F53CDE5-FAE1-44F0-8E17-30084276FE2D}.AppStore|ARM.Build.0 = Release|Any CPU
		{2F53CDE5-FAE1-44F0-8E17-30084276FE2D}.AppStore|ARM.Deploy.0 = Release|Any CPU
		{2F53CDE5-FAE1-44F0-8E17-30084276FE2D}.AppStore|iPhone.ActiveCfg = Release|Any CPU
		{2F53CDE5-FAE1-44F0-8E17-30084276FE2D}.AppStore|iPhone.Build.0 = Release|Any CPU
		{2F53CDE5-FAE1-44F0-8E17-30084276FE2D}.AppStore|iPhone.Deploy.0 = Release|Any CPU
		{2F53CDE5-FAE1-44F0-8E17-30084276FE2D}.AppStore|iPhoneSimulator.ActiveCfg = Release|Any CPU
		{2F53CDE5-FAE1-44F0-8E17-30084276FE2D}.AppStore|iPhoneSimulator.Build.0 = Release|Any CPU
		{2F53CDE5-FAE1-44F0-8E17-30084276FE2D}.AppStore|iPhoneSimulator.Deploy.0 = Release|Any CPU
		{2F53CDE5-FAE1-44F0-8E17-30084276FE2D}.AppStore|x64.ActiveCfg = Release|Any CPU
		{2F53CDE5-FAE1-44F0-8E17-30084276FE2D}.AppStore|x64.Build.0 = Release|Any CPU
		{2F53CDE5-FAE1-44F0-8E17-30084276FE2D}.AppStore|x64.Deploy.0 = Release|Any CPU
		{2F53CDE5-FAE1-44F0-8E17-30084276FE2D}.AppStore|x86.ActiveCfg = Release|Any CPU
		{2F53CDE5-FAE1-44F0-8E17-30084276FE2D}.AppStore|x86.Build.0 = Release|Any CPU
		{2F53CDE5-FAE1-44F0-8E17-30084276FE2D}.AppStore|x86.Deploy.0 = Release|Any CPU
		{2F53CDE5-FAE1-44F0-8E17-30084276FE2D}.Debug|Any CPU.ActiveCfg = Debug|Any CPU
		{2F53CDE5-FAE1-44F0-8E17-30084276FE2D}.Debug|Any CPU.Build.0 = Debug|Any CPU
		{2F53CDE5-FAE1-44F0-8E17-30084276FE2D}.Debug|Any CPU.Deploy.0 = Debug|Any CPU
		{2F53CDE5-FAE1-44F0-8E17-30084276FE2D}.Debug|ARM.ActiveCfg = Debug|Any CPU
		{2F53CDE5-FAE1-44F0-8E17-30084276FE2D}.Debug|ARM.Build.0 = Debug|Any CPU
		{2F53CDE5-FAE1-44F0-8E17-30084276FE2D}.Debug|ARM.Deploy.0 = Debug|Any CPU
		{2F53CDE5-FAE1-44F0-8E17-30084276FE2D}.Debug|iPhone.ActiveCfg = Debug|Any CPU
		{2F53CDE5-FAE1-44F0-8E17-30084276FE2D}.Debug|iPhone.Build.0 = Debug|Any CPU
		{2F53CDE5-FAE1-44F0-8E17-30084276FE2D}.Debug|iPhone.Deploy.0 = Debug|Any CPU
		{2F53CDE5-FAE1-44F0-8E17-30084276FE2D}.Debug|iPhoneSimulator.ActiveCfg = Debug|Any CPU
		{2F53CDE5-FAE1-44F0-8E17-30084276FE2D}.Debug|iPhoneSimulator.Build.0 = Debug|Any CPU
		{2F53CDE5-FAE1-44F0-8E17-30084276FE2D}.Debug|iPhoneSimulator.Deploy.0 = Debug|Any CPU
		{2F53CDE5-FAE1-44F0-8E17-30084276FE2D}.Debug|x64.ActiveCfg = Debug|Any CPU
		{2F53CDE5-FAE1-44F0-8E17-30084276FE2D}.Debug|x64.Build.0 = Debug|Any CPU
		{2F53CDE5-FAE1-44F0-8E17-30084276FE2D}.Debug|x64.Deploy.0 = Debug|Any CPU
		{2F53CDE5-FAE1-44F0-8E17-30084276FE2D}.Debug|x86.ActiveCfg = Debug|Any CPU
		{2F53CDE5-FAE1-44F0-8E17-30084276FE2D}.Debug|x86.Build.0 = Debug|Any CPU
		{2F53CDE5-FAE1-44F0-8E17-30084276FE2D}.Debug|x86.Deploy.0 = Debug|Any CPU
		{2F53CDE5-FAE1-44F0-8E17-30084276FE2D}.Release|Any CPU.ActiveCfg = Release|Any CPU
		{2F53CDE5-FAE1-44F0-8E17-30084276FE2D}.Release|Any CPU.Build.0 = Release|Any CPU
		{2F53CDE5-FAE1-44F0-8E17-30084276FE2D}.Release|Any CPU.Deploy.0 = Release|Any CPU
		{2F53CDE5-FAE1-44F0-8E17-30084276FE2D}.Release|ARM.ActiveCfg = Release|Any CPU
		{2F53CDE5-FAE1-44F0-8E17-30084276FE2D}.Release|ARM.Build.0 = Release|Any CPU
		{2F53CDE5-FAE1-44F0-8E17-30084276FE2D}.Release|ARM.Deploy.0 = Release|Any CPU
		{2F53CDE5-FAE1-44F0-8E17-30084276FE2D}.Release|iPhone.ActiveCfg = Release|Any CPU
		{2F53CDE5-FAE1-44F0-8E17-30084276FE2D}.Release|iPhone.Build.0 = Release|Any CPU
		{2F53CDE5-FAE1-44F0-8E17-30084276FE2D}.Release|iPhone.Deploy.0 = Release|Any CPU
		{2F53CDE5-FAE1-44F0-8E17-30084276FE2D}.Release|iPhoneSimulator.ActiveCfg = Release|Any CPU
		{2F53CDE5-FAE1-44F0-8E17-30084276FE2D}.Release|iPhoneSimulator.Build.0 = Release|Any CPU
		{2F53CDE5-FAE1-44F0-8E17-30084276FE2D}.Release|iPhoneSimulator.Deploy.0 = Release|Any CPU
		{2F53CDE5-FAE1-44F0-8E17-30084276FE2D}.Release|x64.ActiveCfg = Release|Any CPU
		{2F53CDE5-FAE1-44F0-8E17-30084276FE2D}.Release|x64.Build.0 = Release|Any CPU
		{2F53CDE5-FAE1-44F0-8E17-30084276FE2D}.Release|x64.Deploy.0 = Release|Any CPU
		{2F53CDE5-FAE1-44F0-8E17-30084276FE2D}.Release|x86.ActiveCfg = Release|Any CPU
		{2F53CDE5-FAE1-44F0-8E17-30084276FE2D}.Release|x86.Build.0 = Release|Any CPU
		{2F53CDE5-FAE1-44F0-8E17-30084276FE2D}.Release|x86.Deploy.0 = Release|Any CPU
		{FD8704EC-8A27-48D9-8B07-C7B8B818F84F}.Ad-Hoc|Any CPU.ActiveCfg = Ad-Hoc|iPhone
		{FD8704EC-8A27-48D9-8B07-C7B8B818F84F}.Ad-Hoc|ARM.ActiveCfg = Ad-Hoc|iPhone
		{FD8704EC-8A27-48D9-8B07-C7B8B818F84F}.Ad-Hoc|iPhone.ActiveCfg = Ad-Hoc|iPhone
		{FD8704EC-8A27-48D9-8B07-C7B8B818F84F}.Ad-Hoc|iPhone.Build.0 = Ad-Hoc|iPhone
		{FD8704EC-8A27-48D9-8B07-C7B8B818F84F}.Ad-Hoc|iPhoneSimulator.ActiveCfg = Ad-Hoc|iPhoneSimulator
		{FD8704EC-8A27-48D9-8B07-C7B8B818F84F}.Ad-Hoc|iPhoneSimulator.Build.0 = Ad-Hoc|iPhoneSimulator
		{FD8704EC-8A27-48D9-8B07-C7B8B818F84F}.Ad-Hoc|x64.ActiveCfg = Ad-Hoc|iPhone
		{FD8704EC-8A27-48D9-8B07-C7B8B818F84F}.Ad-Hoc|x86.ActiveCfg = Ad-Hoc|iPhone
		{FD8704EC-8A27-48D9-8B07-C7B8B818F84F}.AppStore|Any CPU.ActiveCfg = AppStore|iPhone
		{FD8704EC-8A27-48D9-8B07-C7B8B818F84F}.AppStore|ARM.ActiveCfg = AppStore|iPhone
		{FD8704EC-8A27-48D9-8B07-C7B8B818F84F}.AppStore|iPhone.ActiveCfg = AppStore|iPhone
		{FD8704EC-8A27-48D9-8B07-C7B8B818F84F}.AppStore|iPhone.Build.0 = AppStore|iPhone
		{FD8704EC-8A27-48D9-8B07-C7B8B818F84F}.AppStore|iPhoneSimulator.ActiveCfg = AppStore|iPhoneSimulator
		{FD8704EC-8A27-48D9-8B07-C7B8B818F84F}.AppStore|iPhoneSimulator.Build.0 = AppStore|iPhoneSimulator
		{FD8704EC-8A27-48D9-8B07-C7B8B818F84F}.AppStore|x64.ActiveCfg = AppStore|iPhone
		{FD8704EC-8A27-48D9-8B07-C7B8B818F84F}.AppStore|x86.ActiveCfg = AppStore|iPhone
		{FD8704EC-8A27-48D9-8B07-C7B8B818F84F}.Debug|Any CPU.ActiveCfg = Debug|iPhone
		{FD8704EC-8A27-48D9-8B07-C7B8B818F84F}.Debug|ARM.ActiveCfg = Debug|iPhone
		{FD8704EC-8A27-48D9-8B07-C7B8B818F84F}.Debug|iPhone.ActiveCfg = Debug|iPhone
		{FD8704EC-8A27-48D9-8B07-C7B8B818F84F}.Debug|iPhone.Build.0 = Debug|iPhone
		{FD8704EC-8A27-48D9-8B07-C7B8B818F84F}.Debug|iPhoneSimulator.ActiveCfg = Debug|iPhoneSimulator
		{FD8704EC-8A27-48D9-8B07-C7B8B818F84F}.Debug|iPhoneSimulator.Build.0 = Debug|iPhoneSimulator
		{FD8704EC-8A27-48D9-8B07-C7B8B818F84F}.Debug|x64.ActiveCfg = Debug|iPhone
		{FD8704EC-8A27-48D9-8B07-C7B8B818F84F}.Debug|x86.ActiveCfg = Debug|iPhone
		{FD8704EC-8A27-48D9-8B07-C7B8B818F84F}.Release|Any CPU.ActiveCfg = Release|iPhone
		{FD8704EC-8A27-48D9-8B07-C7B8B818F84F}.Release|ARM.ActiveCfg = Release|iPhone
		{FD8704EC-8A27-48D9-8B07-C7B8B818F84F}.Release|iPhone.ActiveCfg = Release|iPhone
		{FD8704EC-8A27-48D9-8B07-C7B8B818F84F}.Release|iPhone.Build.0 = Release|iPhone
		{FD8704EC-8A27-48D9-8B07-C7B8B818F84F}.Release|iPhoneSimulator.ActiveCfg = Release|iPhoneSimulator
		{FD8704EC-8A27-48D9-8B07-C7B8B818F84F}.Release|iPhoneSimulator.Build.0 = Release|iPhoneSimulator
		{FD8704EC-8A27-48D9-8B07-C7B8B818F84F}.Release|x64.ActiveCfg = Release|iPhone
		{FD8704EC-8A27-48D9-8B07-C7B8B818F84F}.Release|x86.ActiveCfg = Release|iPhone
		{857B13AD-530D-4FBE-B4DE-99BEB008ADBE}.Ad-Hoc|Any CPU.ActiveCfg = Release|x86
		{857B13AD-530D-4FBE-B4DE-99BEB008ADBE}.Ad-Hoc|Any CPU.Build.0 = Release|x86
		{857B13AD-530D-4FBE-B4DE-99BEB008ADBE}.Ad-Hoc|Any CPU.Deploy.0 = Release|x86
		{857B13AD-530D-4FBE-B4DE-99BEB008ADBE}.Ad-Hoc|ARM.ActiveCfg = Release|ARM
		{857B13AD-530D-4FBE-B4DE-99BEB008ADBE}.Ad-Hoc|ARM.Build.0 = Release|ARM
		{857B13AD-530D-4FBE-B4DE-99BEB008ADBE}.Ad-Hoc|ARM.Deploy.0 = Release|ARM
		{857B13AD-530D-4FBE-B4DE-99BEB008ADBE}.Ad-Hoc|iPhone.ActiveCfg = Release|x86
		{857B13AD-530D-4FBE-B4DE-99BEB008ADBE}.Ad-Hoc|iPhone.Build.0 = Release|x86
		{857B13AD-530D-4FBE-B4DE-99BEB008ADBE}.Ad-Hoc|iPhone.Deploy.0 = Release|x86
		{857B13AD-530D-4FBE-B4DE-99BEB008ADBE}.Ad-Hoc|iPhoneSimulator.ActiveCfg = Release|x86
		{857B13AD-530D-4FBE-B4DE-99BEB008ADBE}.Ad-Hoc|iPhoneSimulator.Build.0 = Release|x86
		{857B13AD-530D-4FBE-B4DE-99BEB008ADBE}.Ad-Hoc|iPhoneSimulator.Deploy.0 = Release|x86
		{857B13AD-530D-4FBE-B4DE-99BEB008ADBE}.Ad-Hoc|x64.ActiveCfg = Release|x64
		{857B13AD-530D-4FBE-B4DE-99BEB008ADBE}.Ad-Hoc|x64.Build.0 = Release|x64
		{857B13AD-530D-4FBE-B4DE-99BEB008ADBE}.Ad-Hoc|x64.Deploy.0 = Release|x64
		{857B13AD-530D-4FBE-B4DE-99BEB008ADBE}.Ad-Hoc|x86.ActiveCfg = Release|x86
		{857B13AD-530D-4FBE-B4DE-99BEB008ADBE}.Ad-Hoc|x86.Build.0 = Release|x86
		{857B13AD-530D-4FBE-B4DE-99BEB008ADBE}.Ad-Hoc|x86.Deploy.0 = Release|x86
		{857B13AD-530D-4FBE-B4DE-99BEB008ADBE}.AppStore|Any CPU.ActiveCfg = Release|x86
		{857B13AD-530D-4FBE-B4DE-99BEB008ADBE}.AppStore|Any CPU.Build.0 = Release|x86
		{857B13AD-530D-4FBE-B4DE-99BEB008ADBE}.AppStore|Any CPU.Deploy.0 = Release|x86
		{857B13AD-530D-4FBE-B4DE-99BEB008ADBE}.AppStore|ARM.ActiveCfg = Release|ARM
		{857B13AD-530D-4FBE-B4DE-99BEB008ADBE}.AppStore|ARM.Build.0 = Release|ARM
		{857B13AD-530D-4FBE-B4DE-99BEB008ADBE}.AppStore|ARM.Deploy.0 = Release|ARM
		{857B13AD-530D-4FBE-B4DE-99BEB008ADBE}.AppStore|iPhone.ActiveCfg = Release|x86
		{857B13AD-530D-4FBE-B4DE-99BEB008ADBE}.AppStore|iPhone.Build.0 = Release|x86
		{857B13AD-530D-4FBE-B4DE-99BEB008ADBE}.AppStore|iPhone.Deploy.0 = Release|x86
		{857B13AD-530D-4FBE-B4DE-99BEB008ADBE}.AppStore|iPhoneSimulator.ActiveCfg = Release|x86
		{857B13AD-530D-4FBE-B4DE-99BEB008ADBE}.AppStore|iPhoneSimulator.Build.0 = Release|x86
		{857B13AD-530D-4FBE-B4DE-99BEB008ADBE}.AppStore|iPhoneSimulator.Deploy.0 = Release|x86
		{857B13AD-530D-4FBE-B4DE-99BEB008ADBE}.AppStore|x64.ActiveCfg = Release|x64
		{857B13AD-530D-4FBE-B4DE-99BEB008ADBE}.AppStore|x64.Build.0 = Release|x64
		{857B13AD-530D-4FBE-B4DE-99BEB008ADBE}.AppStore|x64.Deploy.0 = Release|x64
		{857B13AD-530D-4FBE-B4DE-99BEB008ADBE}.AppStore|x86.ActiveCfg = Release|x86
		{857B13AD-530D-4FBE-B4DE-99BEB008ADBE}.AppStore|x86.Build.0 = Release|x86
		{857B13AD-530D-4FBE-B4DE-99BEB008ADBE}.AppStore|x86.Deploy.0 = Release|x86
		{857B13AD-530D-4FBE-B4DE-99BEB008ADBE}.Debug|Any CPU.ActiveCfg = Debug|x86
		{857B13AD-530D-4FBE-B4DE-99BEB008ADBE}.Debug|ARM.ActiveCfg = Debug|ARM
		{857B13AD-530D-4FBE-B4DE-99BEB008ADBE}.Debug|ARM.Build.0 = Debug|ARM
		{857B13AD-530D-4FBE-B4DE-99BEB008ADBE}.Debug|ARM.Deploy.0 = Debug|ARM
		{857B13AD-530D-4FBE-B4DE-99BEB008ADBE}.Debug|iPhone.ActiveCfg = Debug|x86
		{857B13AD-530D-4FBE-B4DE-99BEB008ADBE}.Debug|iPhoneSimulator.ActiveCfg = Debug|x86
		{857B13AD-530D-4FBE-B4DE-99BEB008ADBE}.Debug|x64.ActiveCfg = Debug|x64
		{857B13AD-530D-4FBE-B4DE-99BEB008ADBE}.Debug|x64.Build.0 = Debug|x64
		{857B13AD-530D-4FBE-B4DE-99BEB008ADBE}.Debug|x64.Deploy.0 = Debug|x64
		{857B13AD-530D-4FBE-B4DE-99BEB008ADBE}.Debug|x86.ActiveCfg = Debug|x86
		{857B13AD-530D-4FBE-B4DE-99BEB008ADBE}.Debug|x86.Build.0 = Debug|x86
		{857B13AD-530D-4FBE-B4DE-99BEB008ADBE}.Debug|x86.Deploy.0 = Debug|x86
		{857B13AD-530D-4FBE-B4DE-99BEB008ADBE}.Release|Any CPU.ActiveCfg = Release|x86
		{857B13AD-530D-4FBE-B4DE-99BEB008ADBE}.Release|ARM.ActiveCfg = Release|ARM
		{857B13AD-530D-4FBE-B4DE-99BEB008ADBE}.Release|ARM.Build.0 = Release|ARM
		{857B13AD-530D-4FBE-B4DE-99BEB008ADBE}.Release|ARM.Deploy.0 = Release|ARM
		{857B13AD-530D-4FBE-B4DE-99BEB008ADBE}.Release|iPhone.ActiveCfg = Release|x86
		{857B13AD-530D-4FBE-B4DE-99BEB008ADBE}.Release|iPhoneSimulator.ActiveCfg = Release|x86
		{857B13AD-530D-4FBE-B4DE-99BEB008ADBE}.Release|x64.ActiveCfg = Release|x64
		{857B13AD-530D-4FBE-B4DE-99BEB008ADBE}.Release|x64.Build.0 = Release|x64
		{857B13AD-530D-4FBE-B4DE-99BEB008ADBE}.Release|x64.Deploy.0 = Release|x64
		{857B13AD-530D-4FBE-B4DE-99BEB008ADBE}.Release|x86.ActiveCfg = Release|x86
		{857B13AD-530D-4FBE-B4DE-99BEB008ADBE}.Release|x86.Build.0 = Release|x86
		{857B13AD-530D-4FBE-B4DE-99BEB008ADBE}.Release|x86.Deploy.0 = Release|x86
	EndGlobalSection
	GlobalSection(SolutionProperties) = preSolution
		HideSolutionNode = FALSE
	EndGlobalSection
	GlobalSection(ExtensibilityGlobals) = postSolution
		SolutionGuid = {4FF6C03A-9A21-4B4C-8F24-FBE190A913E6}
	EndGlobalSection
EndGlobal
